// !$*UTF8*$!
{
	archiveVersion = 1;
	classes = {
	};
	objectVersion = 46;
	objects = {

/* Begin PBXBuildFile section */
		9DB8BA5C1DAD327900F3BF0C /* AppDelegate.swift in Sources */ = {isa = PBXBuildFile; fileRef = 9DB8BA5B1DAD327900F3BF0C /* AppDelegate.swift */; };
		9DB8BA5E1DAD327900F3BF0C /* ViewController.swift in Sources */ = {isa = PBXBuildFile; fileRef = 9DB8BA5D1DAD327900F3BF0C /* ViewController.swift */; };
		9DB8BA611DAD327900F3BF0C /* Main.storyboard in Resources */ = {isa = PBXBuildFile; fileRef = 9DB8BA5F1DAD327900F3BF0C /* Main.storyboard */; };
		9DB8BA631DAD327900F3BF0C /* Assets.xcassets in Resources */ = {isa = PBXBuildFile; fileRef = 9DB8BA621DAD327900F3BF0C /* Assets.xcassets */; };
		9DB8BA661DAD327900F3BF0C /* LaunchScreen.storyboard in Resources */ = {isa = PBXBuildFile; fileRef = 9DB8BA641DAD327900F3BF0C /* LaunchScreen.storyboard */; };
		9DB8BA6E1DAD3A5500F3BF0C /* PickShirtViewController.swift in Sources */ = {isa = PBXBuildFile; fileRef = 9DB8BA6D1DAD3A5500F3BF0C /* PickShirtViewController.swift */; };
		9DB8BA701DAD3E7B00F3BF0C /* PickSkinColorViewController.swift in Sources */ = {isa = PBXBuildFile; fileRef = 9DB8BA6F1DAD3E7B00F3BF0C /* PickSkinColorViewController.swift */; };
		9DB8BA721DAD412300F3BF0C /* GenderSelectionViewController.swift in Sources */ = {isa = PBXBuildFile; fileRef = 9DB8BA711DAD412300F3BF0C /* GenderSelectionViewController.swift */; };
		9DB8BA751DAD44EE00F3BF0C /* BodyAreaSelectionViewController.swift in Sources */ = {isa = PBXBuildFile; fileRef = 9DB8BA741DAD44EE00F3BF0C /* BodyAreaSelectionViewController.swift */; };
		9DB8BA771DAD4AE600F3BF0C /* FeelingSelectionViewController.swift in Sources */ = {isa = PBXBuildFile; fileRef = 9DB8BA761DAD4AE600F3BF0C /* FeelingSelectionViewController.swift */; };
/* End PBXBuildFile section */

/* Begin PBXFileReference section */
		9DB8BA581DAD327900F3BF0C /* ASD_Demo.app */ = {isa = PBXFileReference; explicitFileType = wrapper.application; includeInIndex = 0; path = ASD_Demo.app; sourceTree = BUILT_PRODUCTS_DIR; };
		9DB8BA5B1DAD327900F3BF0C /* AppDelegate.swift */ = {isa = PBXFileReference; lastKnownFileType = sourcecode.swift; path = AppDelegate.swift; sourceTree = "<group>"; };
		9DB8BA5D1DAD327900F3BF0C /* ViewController.swift */ = {isa = PBXFileReference; lastKnownFileType = sourcecode.swift; path = ViewController.swift; sourceTree = "<group>"; };
		9DB8BA601DAD327900F3BF0C /* Base */ = {isa = PBXFileReference; lastKnownFileType = file.storyboard; name = Base; path = Base.lproj/Main.storyboard; sourceTree = "<group>"; };
		9DB8BA621DAD327900F3BF0C /* Assets.xcassets */ = {isa = PBXFileReference; lastKnownFileType = folder.assetcatalog; path = Assets.xcassets; sourceTree = "<group>"; };
		9DB8BA651DAD327900F3BF0C /* Base */ = {isa = PBXFileReference; lastKnownFileType = file.storyboard; name = Base; path = Base.lproj/LaunchScreen.storyboard; sourceTree = "<group>"; };
		9DB8BA671DAD327900F3BF0C /* Info.plist */ = {isa = PBXFileReference; lastKnownFileType = text.plist.xml; path = Info.plist; sourceTree = "<group>"; };
		9DB8BA6D1DAD3A5500F3BF0C /* PickShirtViewController.swift */ = {isa = PBXFileReference; fileEncoding = 4; lastKnownFileType = sourcecode.swift; path = PickShirtViewController.swift; sourceTree = "<group>"; };
		9DB8BA6F1DAD3E7B00F3BF0C /* PickSkinColorViewController.swift */ = {isa = PBXFileReference; fileEncoding = 4; lastKnownFileType = sourcecode.swift; path = PickSkinColorViewController.swift; sourceTree = "<group>"; };
		9DB8BA711DAD412300F3BF0C /* GenderSelectionViewController.swift */ = {isa = PBXFileReference; fileEncoding = 4; lastKnownFileType = sourcecode.swift; path = GenderSelectionViewController.swift; sourceTree = "<group>"; };
		9DB8BA741DAD44EE00F3BF0C /* BodyAreaSelectionViewController.swift */ = {isa = PBXFileReference; fileEncoding = 4; lastKnownFileType = sourcecode.swift; path = BodyAreaSelectionViewController.swift; sourceTree = "<group>"; };
		9DB8BA761DAD4AE600F3BF0C /* FeelingSelectionViewController.swift */ = {isa = PBXFileReference; fileEncoding = 4; lastKnownFileType = sourcecode.swift; path = FeelingSelectionViewController.swift; sourceTree = "<group>"; };
/* End PBXFileReference section */

/* Begin PBXFrameworksBuildPhase section */
		9DB8BA551DAD327900F3BF0C /* Frameworks */ = {
			isa = PBXFrameworksBuildPhase;
			buildActionMask = 2147483647;
			files = (
			);
			runOnlyForDeploymentPostprocessing = 0;
		};
/* End PBXFrameworksBuildPhase section */

/* Begin PBXGroup section */
		9DB8BA4F1DAD327900F3BF0C = {
			isa = PBXGroup;
			children = (
				9DB8BA5A1DAD327900F3BF0C /* ASD_Demo */,
				9DB8BA591DAD327900F3BF0C /* Products */,
			);
			sourceTree = "<group>";
		};
		9DB8BA591DAD327900F3BF0C /* Products */ = {
			isa = PBXGroup;
			children = (
				9DB8BA581DAD327900F3BF0C /* ASD_Demo.app */,
			);
			name = Products;
			sourceTree = "<group>";
		};
		9DB8BA5A1DAD327900F3BF0C /* ASD_Demo */ = {
			isa = PBXGroup;
			children = (
				9DB8BA5B1DAD327900F3BF0C /* AppDelegate.swift */,
				9DB8BA5D1DAD327900F3BF0C /* ViewController.swift */,
				9DB8BA731DAD44D000F3BF0C /* Selection Views */,
				9DB8BA5F1DAD327900F3BF0C /* Main.storyboard */,
				9DB8BA621DAD327900F3BF0C /* Assets.xcassets */,
				9DB8BA641DAD327900F3BF0C /* LaunchScreen.storyboard */,
				9DB8BA671DAD327900F3BF0C /* Info.plist */,
			);
			path = ASD_Demo;
			sourceTree = "<group>";
		};
		9DB8BA731DAD44D000F3BF0C /* Selection Views */ = {
			isa = PBXGroup;
			children = (
				9DB8BA6D1DAD3A5500F3BF0C /* PickShirtViewController.swift */,
				9DB8BA6F1DAD3E7B00F3BF0C /* PickSkinColorViewController.swift */,
				9DB8BA711DAD412300F3BF0C /* GenderSelectionViewController.swift */,
				9DB8BA741DAD44EE00F3BF0C /* BodyAreaSelectionViewController.swift */,
				9DB8BA761DAD4AE600F3BF0C /* FeelingSelectionViewController.swift */,
			);
			name = "Selection Views";
			sourceTree = "<group>";
		};
/* End PBXGroup section */

/* Begin PBXNativeTarget section */
		9DB8BA571DAD327900F3BF0C /* ASD_Demo */ = {
			isa = PBXNativeTarget;
			buildConfigurationList = 9DB8BA6A1DAD327900F3BF0C /* Build configuration list for PBXNativeTarget "ASD_Demo" */;
			buildPhases = (
				9DB8BA541DAD327900F3BF0C /* Sources */,
				9DB8BA551DAD327900F3BF0C /* Frameworks */,
				9DB8BA561DAD327900F3BF0C /* Resources */,
			);
			buildRules = (
			);
			dependencies = (
			);
			name = ASD_Demo;
			productName = ASD_Demo;
			productReference = 9DB8BA581DAD327900F3BF0C /* ASD_Demo.app */;
			productType = "com.apple.product-type.application";
		};
/* End PBXNativeTarget section */

/* Begin PBXProject section */
		9DB8BA501DAD327900F3BF0C /* Project object */ = {
			isa = PBXProject;
			attributes = {
				LastSwiftUpdateCheck = 0800;
				LastUpgradeCheck = 0800;
				ORGANIZATIONNAME = Dali;
				TargetAttributes = {
					9DB8BA571DAD327900F3BF0C = {
						CreatedOnToolsVersion = 8.0;
						DevelopmentTeam = 8UD55Z6HX4;
						ProvisioningStyle = Automatic;
					};
				};
			};
			buildConfigurationList = 9DB8BA531DAD327900F3BF0C /* Build configuration list for PBXProject "ASD_Demo" */;
			compatibilityVersion = "Xcode 3.2";
			developmentRegion = English;
			hasScannedForEncodings = 0;
			knownRegions = (
				en,
				Base,
			);
			mainGroup = 9DB8BA4F1DAD327900F3BF0C;
			productRefGroup = 9DB8BA591DAD327900F3BF0C /* Products */;
			projectDirPath = "";
			projectRoot = "";
			targets = (
				9DB8BA571DAD327900F3BF0C /* ASD_Demo */,
			);
		};
/* End PBXProject section */

/* Begin PBXResourcesBuildPhase section */
		9DB8BA561DAD327900F3BF0C /* Resources */ = {
			isa = PBXResourcesBuildPhase;
			buildActionMask = 2147483647;
			files = (
				9DB8BA661DAD327900F3BF0C /* LaunchScreen.storyboard in Resources */,
				9DB8BA631DAD327900F3BF0C /* Assets.xcassets in Resources */,
				9DB8BA611DAD327900F3BF0C /* Main.storyboard in Resources */,
			);
			runOnlyForDeploymentPostprocessing = 0;
		};
/* End PBXResourcesBuildPhase section */

/* Begin PBXSourcesBuildPhase section */
		9DB8BA541DAD327900F3BF0C /* Sources */ = {
			isa = PBXSourcesBuildPhase;
			buildActionMask = 2147483647;
			files = (
				9DB8BA751DAD44EE00F3BF0C /* BodyAreaSelectionViewController.swift in Sources */,
				9DB8BA5E1DAD327900F3BF0C /* ViewController.swift in Sources */,
				9DB8BA771DAD4AE600F3BF0C /* FeelingSelectionViewController.swift in Sources */,
				9DB8BA6E1DAD3A5500F3BF0C /* PickShirtViewController.swift in Sources */,
				9DB8BA701DAD3E7B00F3BF0C /* PickSkinColorViewController.swift in Sources */,
				9DB8BA5C1DAD327900F3BF0C /* AppDelegate.swift in Sources */,
				9DB8BA721DAD412300F3BF0C /* GenderSelectionViewController.swift in Sources */,
			);
			runOnlyForDeploymentPostprocessing = 0;
		};
/* End PBXSourcesBuildPhase section */

/* Begin PBXVariantGroup section */
		9DB8BA5F1DAD327900F3BF0C /* Main.storyboard */ = {
			isa = PBXVariantGroup;
			children = (
				9DB8BA601DAD327900F3BF0C /* Base */,
			);
			name = Main.storyboard;
			sourceTree = "<group>";
		};
		9DB8BA641DAD327900F3BF0C /* LaunchScreen.storyboard */ = {
			isa = PBXVariantGroup;
			children = (
				9DB8BA651DAD327900F3BF0C /* Base */,
			);
			name = LaunchScreen.storyboard;
			sourceTree = "<group>";
		};
/* End PBXVariantGroup section */

/* Begin XCBuildConfiguration section */
		9DB8BA681DAD327900F3BF0C /* Debug */ = {
			isa = XCBuildConfiguration;
			buildSettings = {
				ALWAYS_SEARCH_USER_PATHS = NO;
				CLANG_ANALYZER_NONNULL = YES;
				CLANG_CXX_LANGUAGE_STANDARD = "gnu++0x";
				CLANG_CXX_LIBRARY = "libc++";
				CLANG_ENABLE_MODULES = YES;
				CLANG_ENABLE_OBJC_ARC = YES;
				CLANG_WARN_BOOL_CONVERSION = YES;
				CLANG_WARN_CONSTANT_CONVERSION = YES;
				CLANG_WARN_DIRECT_OBJC_ISA_USAGE = YES_ERROR;
				CLANG_WARN_DOCUMENTATION_COMMENTS = YES;
				CLANG_WARN_EMPTY_BODY = YES;
				CLANG_WARN_ENUM_CONVERSION = YES;
				CLANG_WARN_INFINITE_RECURSION = YES;
				CLANG_WARN_INT_CONVERSION = YES;
				CLANG_WARN_OBJC_ROOT_CLASS = YES_ERROR;
				CLANG_WARN_SUSPICIOUS_MOVES = YES;
				CLANG_WARN_UNREACHABLE_CODE = YES;
				CLANG_WARN__DUPLICATE_METHOD_MATCH = YES;
				"CODE_SIGN_IDENTITY[sdk=iphoneos*]" = "iPhone Developer";
				COPY_PHASE_STRIP = NO;
				DEBUG_INFORMATION_FORMAT = dwarf;
				ENABLE_STRICT_OBJC_MSGSEND = YES;
				ENABLE_TESTABILITY = YES;
				GCC_C_LANGUAGE_STANDARD = gnu99;
				GCC_DYNAMIC_NO_PIC = NO;
				GCC_NO_COMMON_BLOCKS = YES;
				GCC_OPTIMIZATION_LEVEL = 0;
				GCC_PREPROCESSOR_DEFINITIONS = (
					"DEBUG=1",
					"$(inherited)",
				);
				GCC_WARN_64_TO_32_BIT_CONVERSION = YES;
				GCC_WARN_ABOUT_RETURN_TYPE = YES_ERROR;
				GCC_WARN_UNDECLARED_SELECTOR = YES;
				GCC_WARN_UNINITIALIZED_AUTOS = YES_AGGRESSIVE;
				GCC_WARN_UNUSED_FUNCTION = YES;
				GCC_WARN_UNUSED_VARIABLE = YES;
				IPHONEOS_DEPLOYMENT_TARGET = 10.0;
				MTL_ENABLE_DEBUG_INFO = YES;
				ONLY_ACTIVE_ARCH = YES;
				SDKROOT = iphoneos;
				SWIFT_ACTIVE_COMPILATION_CONDITIONS = DEBUG;
				SWIFT_OPTIMIZATION_LEVEL = "-Onone";
				TARGETED_DEVICE_FAMILY = "1,2";
			};
			name = Debug;
		};
		9DB8BA691DAD327900F3BF0C /* Release */ = {
			isa = XCBuildConfiguration;
			buildSettings = {
				ALWAYS_SEARCH_USER_PATHS = NO;
				CLANG_ANALYZER_NONNULL = YES;
				CLANG_CXX_LANGUAGE_STANDARD = "gnu++0x";
				CLANG_CXX_LIBRARY = "libc++";
				CLANG_ENABLE_MODULES = YES;
				CLANG_ENABLE_OBJC_ARC = YES;
				CLANG_WARN_BOOL_CONVERSION = YES;
				CLANG_WARN_CONSTANT_CONVERSION = YES;
				CLANG_WARN_DIRECT_OBJC_ISA_USAGE = YES_ERROR;
				CLANG_WARN_DOCUMENTATION_COMMENTS = YES;
				CLANG_WARN_EMPTY_BODY = YES;
				CLANG_WARN_ENUM_CONVERSION = YES;
				CLANG_WARN_INFINITE_RECURSION = YES;
				CLANG_WARN_INT_CONVERSION = YES;
				CLANG_WARN_OBJC_ROOT_CLASS = YES_ERROR;
				CLANG_WARN_SUSPICIOUS_MOVES = YES;
				CLANG_WARN_UNREACHABLE_CODE = YES;
				CLANG_WARN__DUPLICATE_METHOD_MATCH = YES;
				"CODE_SIGN_IDENTITY[sdk=iphoneos*]" = "iPhone Developer";
				COPY_PHASE_STRIP = NO;
				DEBUG_INFORMATION_FORMAT = "dwarf-with-dsym";
				ENABLE_NS_ASSERTIONS = NO;
				ENABLE_STRICT_OBJC_MSGSEND = YES;
				GCC_C_LANGUAGE_STANDARD = gnu99;
				GCC_NO_COMMON_BLOCKS = YES;
				GCC_WARN_64_TO_32_BIT_CONVERSION = YES;
				GCC_WARN_ABOUT_RETURN_TYPE = YES_ERROR;
				GCC_WARN_UNDECLARED_SELECTOR = YES;
				GCC_WARN_UNINITIALIZED_AUTOS = YES_AGGRESSIVE;
				GCC_WARN_UNUSED_FUNCTION = YES;
				GCC_WARN_UNUSED_VARIABLE = YES;
				IPHONEOS_DEPLOYMENT_TARGET = 10.0;
				MTL_ENABLE_DEBUG_INFO = NO;
				SDKROOT = iphoneos;
				SWIFT_OPTIMIZATION_LEVEL = "-Owholemodule";
				TARGETED_DEVICE_FAMILY = "1,2";
				VALIDATE_PRODUCT = YES;
			};
			name = Release;
		};
		9DB8BA6B1DAD327900F3BF0C /* Debug */ = {
			isa = XCBuildConfiguration;
			buildSettings = {
				ASSETCATALOG_COMPILER_APPICON_NAME = AppIcon;
				DEVELOPMENT_TEAM = 8UD55Z6HX4;
				INFOPLIST_FILE = ASD_Demo/Info.plist;
				LD_RUNPATH_SEARCH_PATHS = "$(inherited) @executable_path/Frameworks";
				PRODUCT_BUNDLE_IDENTIFIER = "Dali.ASD-Demo";
				PRODUCT_NAME = "$(TARGET_NAME)";
				SWIFT_VERSION = 3.0;
			};
			name = Debug;
		};
		9DB8BA6C1DAD327900F3BF0C /* Release */ = {
			isa = XCBuildConfiguration;
			buildSettings = {
				ASSETCATALOG_COMPILER_APPICON_NAME = AppIcon;
				DEVELOPMENT_TEAM = 8UD55Z6HX4;
				INFOPLIST_FILE = ASD_Demo/Info.plist;
				LD_RUNPATH_SEARCH_PATHS = "$(inherited) @executable_path/Frameworks";
				PRODUCT_BUNDLE_IDENTIFIER = "Dali.ASD-Demo";
				PRODUCT_NAME = "$(TARGET_NAME)";
				SWIFT_VERSION = 3.0;
			};
			name = Release;
		};
/* End XCBuildConfiguration section */

/* Begin XCConfigurationList section */
		9DB8BA531DAD327900F3BF0C /* Build configuration list for PBXProject "ASD_Demo" */ = {
			isa = XCConfigurationList;
			buildConfigurations = (
				9DB8BA681DAD327900F3BF0C /* Debug */,
				9DB8BA691DAD327900F3BF0C /* Release */,
			);
			defaultConfigurationIsVisible = 0;
			defaultConfigurationName = Release;
		};
		9DB8BA6A1DAD327900F3BF0C /* Build configuration list for PBXNativeTarget "ASD_Demo" */ = {
			isa = XCConfigurationList;
			buildConfigurations = (
				9DB8BA6B1DAD327900F3BF0C /* Debug */,
				9DB8BA6C1DAD327900F3BF0C /* Release */,
			);
			defaultConfigurationIsVisible = 0;
		};
/* End XCConfigurationList section */
	};
	rootObject = 9DB8BA501DAD327900F3BF0C /* Project object */;
}
